<?xml version="1.0" encoding="utf-8"?>
<Project ToolsVersion="4.0" xmlns="http://schemas.microsoft.com/developer/msbuild/2003">
  <ItemGroup>
    <Filter Include="Source Files">
      <UniqueIdentifier>{4FC737F1-C7A5-4376-A066-2A32D752A2FF}</UniqueIdentifier>
      <Extensions>cpp;c;cc;cxx;def;odl;idl;hpj;bat;asm;asmx</Extensions>
    </Filter>
    <Filter Include="Header Files">
      <UniqueIdentifier>{93995380-89BD-4b04-88EB-625FBE52EBFB}</UniqueIdentifier>
      <Extensions>h;hh;hpp;hxx;hm;inl;inc;ipp;xsd</Extensions>
    </Filter>
    <Filter Include="Resource Files">
      <UniqueIdentifier>{67DA6AB6-F800-4c08-8B7A-83BB121AAD01}</UniqueIdentifier>
      <Extensions>rc;ico;cur;bmp;dlg;rc2;rct;bin;rgs;gif;jpg;jpeg;jpe;resx;tiff;tif;png;wav;mfcribbon-ms</Extensions>
    </Filter>
    <Filter Include="Common Files">
      <UniqueIdentifier>{c4eede9f-64a4-466c-b3d2-f87c5e7ad337}</UniqueIdentifier>
    </Filter>
    <Filter Include="Common Files\Public">
      <UniqueIdentifier>{5d99342f-010e-4057-9cc7-d822f140cafb}</UniqueIdentifier>
    </Filter>
    <Filter Include="Common Files\Private">
      <UniqueIdentifier>{57d866c8-2fda-48ab-8948-46aee6852a26}</UniqueIdentifier>
    </Filter>
    <Filter Include="Header Files\Render">
      <UniqueIdentifier>{c824641b-2186-4b98-afc5-bed7fe2ab3f9}</UniqueIdentifier>
    </Filter>
    <Filter Include="Source Files\Render">
      <UniqueIdentifier>{740275db-2d82-4e2b-ad80-872815824b40}</UniqueIdentifier>
    </Filter>
    <Filter Include="Header Files\Util">
      <UniqueIdentifier>{94ca0272-3ca5-4f79-8b7c-789b52aa8a53}</UniqueIdentifier>
    </Filter>
    <Filter Include="Source Files\Util">
      <UniqueIdentifier>{747b7631-9417-4ce9-92c2-431f873ab127}</UniqueIdentifier>
    </Filter>
    <Filter Include="Shader Files">
      <UniqueIdentifier>{bf80d2a0-98cc-420d-8382-5d0f1594821e}</UniqueIdentifier>
    </Filter>
    <Filter Include="Shader Files\Raster">
      <UniqueIdentifier>{d83316d9-e9bb-4839-9994-2b59a7974ae3}</UniqueIdentifier>
    </Filter>
    <Filter Include="Shader Files\Raytrace">
      <UniqueIdentifier>{61956294-e902-49f8-b3df-a92567204f1a}</UniqueIdentifier>
    </Filter>
    <Filter Include="Common Files\Private\ImGui">
      <UniqueIdentifier>{f444a1cc-a95e-4c46-9b37-8465229e4ddb}</UniqueIdentifier>
    </Filter>
    <Filter Include="Header Files\Shading">
      <UniqueIdentifier>{8f96f5b5-0e13-43cd-acfc-4e9964dd5d94}</UniqueIdentifier>
    </Filter>
    <Filter Include="Source Files\Shading">
      <UniqueIdentifier>{3304120b-7c6f-4730-bad2-c3b3b404b7fe}</UniqueIdentifier>
    </Filter>
    <Filter Include="Shader Files\Raytrace\RTAO">
      <UniqueIdentifier>{5513b717-e4dc-4375-980f-10ce17275202}</UniqueIdentifier>
    </Filter>
    <Filter Include="Shader Files\Raytrace\RTAO\Denosing">
      <UniqueIdentifier>{df43e656-9491-4e8b-a51c-fb9fa66dd712}</UniqueIdentifier>
    </Filter>
    <Filter Include="Shader Files\Raytrace\RTAO\Denosing\Filtering">
      <UniqueIdentifier>{78361331-6732-42c2-8b07-a8d8981ff232}</UniqueIdentifier>
    </Filter>
    <Filter Include="Shader Files\Raytrace\RTAO\Denosing\Temporal">
      <UniqueIdentifier>{8dba6647-8e20-423b-b1f0-79b6ffe0b3bc}</UniqueIdentifier>
    </Filter>
    <Filter Include="Shader Files\Debug">
      <UniqueIdentifier>{5cfb566b-e438-4061-a2fc-92ae527ffb2e}</UniqueIdentifier>
    </Filter>
  </ItemGroup>
  <ItemGroup>
    <ClInclude Include="include\Application.h">
      <Filter>Header Files</Filter>
    </ClInclude>
    <ClInclude Include="include\Camera.h">
      <Filter>Header Files</Filter>
    </ClInclude>
    <ClInclude Include="include\GameTimer.h">
      <Filter>Header Files</Filter>
    </ClInclude>
    <ClInclude Include="include\Mesh.h">
      <Filter>Header Files</Filter>
    </ClInclude>
    <ClInclude Include="include\RenderMacros.h">
      <Filter>Header Files</Filter>
    </ClInclude>
    <ClInclude Include="include\d3dx12.h">
      <Filter>Common Files\Public</Filter>
    </ClInclude>
    <ClInclude Include="include\GeometryGenerator.h">
      <Filter>Common Files\Public</Filter>
    </ClInclude>
    <ClInclude Include="include\MathHelper.h">
      <Filter>Common Files\Public</Filter>
    </ClInclude>
    <ClInclude Include="include\LowRenderer.h">
      <Filter>Header Files\Render</Filter>
    </ClInclude>
    <ClInclude Include="include\Renderer.h">
      <Filter>Header Files\Render</Filter>
    </ClInclude>
    <ClInclude Include="include\UploadBuffer.h">
      <Filter>Header Files\Util</Filter>
    </ClInclude>
    <ClInclude Include="include\D3D12Util.h">
      <Filter>Header Files\Util</Filter>
    </ClInclude>
    <ClInclude Include="include\FrameResource.h">
      <Filter>Header Files\Render</Filter>
    </ClInclude>
    <ClInclude Include="include\Logger.h">
      <Filter>Header Files\Util</Filter>
    </ClInclude>
    <ClInclude Include="include\SBTGenerator.h">
      <Filter>Header Files\Util</Filter>
    </ClInclude>
    <ClInclude Include="include\ShadowMap.h">
      <Filter>Header Files\Shading</Filter>
    </ClInclude>
    <ClInclude Include="include\GBuffer.h">
      <Filter>Header Files\Shading</Filter>
    </ClInclude>
    <ClInclude Include="include\DxrShadowMap.h">
      <Filter>Header Files\Shading</Filter>
    </ClInclude>
    <ClInclude Include="include\Ssao.h">
      <Filter>Header Files\Shading</Filter>
    </ClInclude>
    <ClInclude Include="include\Rtao.h">
      <Filter>Header Files\Shading</Filter>
    </ClInclude>
    <ClInclude Include="include\HlslCompaction.h">
      <Filter>Header Files</Filter>
    </ClInclude>
    <ClInclude Include="include\GaussianFilter.h">
      <Filter>Header Files\Shading</Filter>
    </ClInclude>
    <ClInclude Include="include\RenderItem.h">
      <Filter>Header Files</Filter>
    </ClInclude>
    <ClInclude Include="include\AccelerationStructure.h">
      <Filter>Header Files</Filter>
    </ClInclude>
    <ClInclude Include="include\GaussianFilter3x3CS.h">
      <Filter>Header Files\Shading</Filter>
    </ClInclude>
    <ClInclude Include="include\GaussianFilterCS.h">
      <Filter>Header Files\Shading</Filter>
    </ClInclude>
    <ClInclude Include="include\Samplers.h">
      <Filter>Header Files</Filter>
    </ClInclude>
    <ClInclude Include="include\ShaderManager.h">
      <Filter>Header Files</Filter>
    </ClInclude>
    <ClInclude Include="include\ShaderTable.h">
      <Filter>Header Files</Filter>
    </ClInclude>
    <ClInclude Include="include\ShadingHelpers.h">
      <Filter>Header Files</Filter>
    </ClInclude>
  </ItemGroup>
  <ItemGroup>
    <None Include="include\LowRenderer.inl">
      <Filter>Header Files\Render</Filter>
    </None>
    <None Include="include\Renderer.inl">
      <Filter>Header Files\Render</Filter>
    </None>
    <None Include="include\UploadBuffer.inl">
      <Filter>Header Files\Util</Filter>
    </None>
    <None Include=".gitignore" />
    <None Include="assets\shaders\Common.hlsli">
      <Filter>Shader Files\Raster</Filter>
    </None>
    <None Include="assets\shaders\LightingUtil.hlsli">
      <Filter>Shader Files</Filter>
    </None>
    <None Include="assets\shaders\Shadow.hlsl">
      <Filter>Shader Files\Raster</Filter>
    </None>
    <None Include="assets\shaders\GBuffer.hlsl">
      <Filter>Shader Files\Raster</Filter>
    </None>
    <None Include="assets\shaders\BackBuffer.hlsl">
      <Filter>Shader Files\Raster</Filter>
    </None>
    <None Include="assets\shaders\Samplers.hlsli">
      <Filter>Shader Files</Filter>
    </None>
    <None Include="assets\shaders\ShadowRay.hlsl">
      <Filter>Shader Files\Raytrace</Filter>
    </None>
    <None Include="assets\shaders\Ssao.hlsl">
      <Filter>Shader Files\Raster</Filter>
    </None>
    <None Include="assets\shaders\DxrBackBuffer.hlsl">
      <Filter>Shader Files\Raytrace</Filter>
    </None>
    <None Include="assets\shaders\ShadingHelpers.hlsli">
      <Filter>Shader Files</Filter>
    </None>
    <None Include="assets\shaders\RandGenerator.hlsli">
      <Filter>Shader Files</Filter>
    </None>
    <None Include="assets\shaders\HlslCompaction.hlsli">
      <Filter>Shader Files</Filter>
    </None>
    <None Include="assets\shaders\Rtao.hlsl">
      <Filter>Shader Files\Raytrace\RTAO</Filter>
    </None>
    <None Include="assets\shaders\Rtao.hlsli">
      <Filter>Shader Files\Raytrace\RTAO</Filter>
    </None>
    <None Include="assets\shaders\GaussianFilter3x3CS.hlsl">
      <Filter>Shader Files</Filter>
    </None>
    <None Include="assets\shaders\CalculateLocalMeanVarianceCS.hlsl">
      <Filter>Shader Files\Raytrace\RTAO\Denosing\Filtering</Filter>
    </None>
    <None Include="assets\shaders\FillInCheckerboardCS.hlsl">
      <Filter>Shader Files\Raytrace\RTAO\Denosing\Filtering</Filter>
    </None>
    <None Include="assets\shaders\TemporalSupersamplingBlendWithCurrentFrameCS.hlsl">
      <Filter>Shader Files\Raytrace\RTAO\Denosing\Temporal</Filter>
    </None>
    <None Include="assets\shaders\TemporalSupersamplingReverseReprojectCS.hlsl">
      <Filter>Shader Files\Raytrace\RTAO\Denosing\Temporal</Filter>
    </None>
    <None Include="assets\shaders\CrossBilateralWeights.hlsli">
      <Filter>Shader Files\Raytrace\RTAO\Denosing\Filtering</Filter>
    </None>
    <None Include="assets\shaders\DxrShadingHelpers.hlsli">
      <Filter>Shader Files\Raytrace</Filter>
    </None>
    <None Include="assets\shaders\GaussianBlurCS.hlsl">
      <Filter>Shader Files</Filter>
    </None>
    <None Include="assets\shaders\GaussianBlur.hlsl">
      <Filter>Shader Files</Filter>
    </None>
    <None Include="assets\shaders\GaussianFilterRG3x3CS.hlsl">
      <Filter>Shader Files</Filter>
    </None>
    <None Include="assets\shaders\Kernels.hlsli">
      <Filter>Shader Files</Filter>
    </None>
    <None Include="assets\shaders\AtrousWaveletTransformFilterCS.hlsli">
      <Filter>Shader Files\Raytrace\RTAO\Denosing\Filtering</Filter>
    </None>
    <None Include="assets\shaders\EdgeStoppingFilter_Gaussian3x3CS.hlsl">
      <Filter>Shader Files\Raytrace\RTAO\Denosing\Filtering</Filter>
    </None>
    <None Include="assets\shaders\Debug.hlsl">
      <Filter>Shader Files\Debug</Filter>
    </None>
    <None Include="assets\shaders\Gizmo.hlsl">
      <Filter>Shader Files\Debug</Filter>
    </None>
    <None Include="assets\shaders\CoordinatesFittedToScreen.hlsli">
      <Filter>Shader Files</Filter>
    </None>
    <None Include="assets\shaders\NonFloatingPointMapDebug.hlsl">
      <Filter>Shader Files\Debug</Filter>
    </None>
    <None Include="assets\shaders\CalculatePartialDerivativeCS.hlsl">
      <Filter>Shader Files\Raytrace\RTAO\Denosing\Filtering</Filter>
    </None>
    <None Include="assets\shaders\DisocclusionBlur3x3CS.hlsl">
      <Filter>Shader Files\Raytrace\RTAO\Denosing\Filtering</Filter>
    </None>
  </ItemGroup>
  <ItemGroup>
    <ClCompile Include="src\Application.cpp">
      <Filter>Source Files</Filter>
    </ClCompile>
    <ClCompile Include="src\Camera.cpp">
      <Filter>Source Files</Filter>
    </ClCompile>
    <ClCompile Include="src\GameTimer.cpp">
      <Filter>Source Files</Filter>
    </ClCompile>
    <ClCompile Include="src\GeometryGenerator.cpp">
      <Filter>Common Files\Private</Filter>
    </ClCompile>
    <ClCompile Include="src\MathHelper.cpp">
      <Filter>Common Files\Private</Filter>
    </ClCompile>
    <ClCompile Include="src\Renderer.cpp">
      <Filter>Source Files\Render</Filter>
    </ClCompile>
    <ClCompile Include="src\LowRenderer.cpp">
      <Filter>Source Files\Render</Filter>
    </ClCompile>
    <ClCompile Include="src\D3D12Util.cpp">
      <Filter>Source Files\Util</Filter>
    </ClCompile>
    <ClCompile Include="src\UploadBuffer.cpp">
      <Filter>Source Files\Util</Filter>
    </ClCompile>
    <ClCompile Include="src\FrameResource.cpp">
      <Filter>Source Files\Render</Filter>
    </ClCompile>
    <ClCompile Include="src\Logger.cpp">
      <Filter>Source Files\Util</Filter>
    </ClCompile>
    <ClCompile Include="C:\Users\bookg\Documents\Visual Studio 2017\Libraries\imgui\imgui.cpp">
      <Filter>Common Files\Private\ImGui</Filter>
    </ClCompile>
    <ClCompile Include="C:\Users\bookg\Documents\Visual Studio 2017\Libraries\imgui\imgui_demo.cpp">
      <Filter>Common Files\Private\ImGui</Filter>
    </ClCompile>
    <ClCompile Include="C:\Users\bookg\Documents\Visual Studio 2017\Libraries\imgui\imgui_draw.cpp">
      <Filter>Common Files\Private\ImGui</Filter>
    </ClCompile>
    <ClCompile Include="C:\Users\bookg\Documents\Visual Studio 2017\Libraries\imgui\imgui_widgets.cpp">
      <Filter>Common Files\Private\ImGui</Filter>
    </ClCompile>
    <ClCompile Include="C:\Users\bookg\Documents\Visual Studio 2017\Libraries\imgui\backends\imgui_impl_dx12.cpp">
      <Filter>Common Files\Private\ImGui</Filter>
    </ClCompile>
    <ClCompile Include="C:\Users\bookg\Documents\Visual Studio 2017\Libraries\imgui\backends\imgui_impl_win32.cpp">
      <Filter>Common Files\Private\ImGui</Filter>
    </ClCompile>
    <ClCompile Include="C:\Users\bookg\Documents\Visual Studio 2017\Libraries\imgui\imgui_tables.cpp">
      <Filter>Common Files\Private\ImGui</Filter>
    </ClCompile>
    <ClCompile Include="src\SBTGenerator.cpp">
      <Filter>Source Files\Util</Filter>
    </ClCompile>
    <ClCompile Include="src\ShadowMap.cpp">
      <Filter>Source Files\Shading</Filter>
    </ClCompile>
    <ClCompile Include="src\GBuffer.cpp">
      <Filter>Source Files\Shading</Filter>
    </ClCompile>
    <ClCompile Include="src\DxrShadowMap.cpp">
      <Filter>Source Files\Shading</Filter>
    </ClCompile>
    <ClCompile Include="src\Ssao.cpp">
      <Filter>Source Files\Shading</Filter>
    </ClCompile>
    <ClCompile Include="src\Rtao.cpp">
      <Filter>Source Files\Shading</Filter>
    </ClCompile>
    <ClCompile Include="src\GaussianFilter.cpp">
      <Filter>Source Files\Shading</Filter>
    </ClCompile>
    <ClCompile Include="src\GaussianFilter3x3CS.cpp">
      <Filter>Source Files\Shading</Filter>
    </ClCompile>
    <ClCompile Include="include\GaussianFilterCS.cpp">
      <Filter>Source Files\Shading</Filter>
    </ClCompile>
    <ClCompile Include="src\RenderItem.cpp">
      <Filter>Source Files\Render</Filter>
    </ClCompile>
    <ClCompile Include="src\ShaderTable.cpp">
      <Filter>Source Files</Filter>
    </ClCompile>
    <ClCompile Include="src\Samplers.cpp">
      <Filter>Source Files</Filter>
    </ClCompile>
    <ClCompile Include="src\ShaderManager.cpp">
      <Filter>Source Files</Filter>
    </ClCompile>
  </ItemGroup>
</Project>